
Microsoft Visual Studio Solution File, Format Version 12.00
# Visual Studio Version 17
VisualStudioVersion = 17.9.34728.123
MinimumVisualStudioVersion = 10.0.40219.1
Project("{FAE04EC0-301F-11D3-BF4B-00C04F79EFBC}") = "MiddlewarePOC", "MiddlewarePOC\MiddlewarePOC.csproj", "{A759D6BB-0133-4D7B-80F9-61BE5C0A22C0}"
EndProject
Global
	GlobalSection(SolutionConfigurationPlatforms) = preSolution
		Debug|Any CPU = Debug|Any CPU
		Release|Any CPU = Release|Any CPU
	EndGlobalSection
	GlobalSection(ProjectConfigurationPlatforms) = postSolution
		{A759D6BB-0133-4D7B-80F9-61BE5C0A22C0}.Debug|Any CPU.ActiveCfg = Debug|Any CPU
		{A759D6BB-0133-4D7B-80F9-61BE5C0A22C0}.Debug|Any CPU.Build.0 = Debug|Any CPU
		{A759D6BB-0133-4D7B-80F9-61BE5C0A22C0}.Release|Any CPU.ActiveCfg = Release|Any CPU
		{A759D6BB-0133-4D7B-80F9-61BE5C0A22C0}.Release|Any CPU.Build.0 = Release|Any CPU
	EndGlobalSection
	GlobalSection(SolutionProperties) = preSolution
		HideSolutionNode = FALSE
	EndGlobalSection
	GlobalSection(ExtensibilityGlobals) = postSolution
		SolutionGuid = {4E11EF01-FE2E-43DA-81C2-ECAEC73F65FE}
	EndGlobalSection
EndGlobal
